
Microsoft Visual Studio Solution File, Format Version 12.00
# Visual Studio Version 17
VisualStudioVersion = 17.0.32014.148
MinimumVisualStudioVersion = 10.0.40219.1
Project("{2150E333-8FDC-42A3-9474-1A3956D46DE8}") = "src", "src", "{65C97381-311D-4C81-8494-6BF12C9BDCBF}"
	ProjectSection(SolutionItems) = preProject
		src\Directory.Build.props = src\Directory.Build.props
		src\Directory.Build.targets = src\Directory.Build.targets
	EndProjectSection
EndProject
Project("{2150E333-8FDC-42A3-9474-1A3956D46DE8}") = "test", "test", "{D8FE9E00-4E06-4A0F-BA75-39E71A016671}"
	ProjectSection(SolutionItems) = preProject
		test\Directory.Build.targets = test\Directory.Build.targets
	EndProjectSection
EndProject
Project("{2150E333-8FDC-42A3-9474-1A3956D46DE8}") = "Solution Items", "Solution Items", "{7CA7E798-5FD2-4E44-B73C-E9EA565ACF82}"
	ProjectSection(SolutionItems) = preProject
		.editorconfig = .editorconfig
		.gitattributes = .gitattributes
		.gitignore = .gitignore
		CODE_OF_CONDUCT.md = CODE_OF_CONDUCT.md
		CONTRIBUTING.md = CONTRIBUTING.md
		Directory.Build.props = Directory.Build.props
		Directory.Build.targets = Directory.Build.targets
		GitVersion.yml = GitVersion.yml
		LICENSE.md = LICENSE.md
		README.md = README.md
	EndProjectSection
EndProject
Project("{9A19103F-16F7-4668-BE54-9A1E7A4F7556}") = "IbanNet.Extensions.Bban", "src\IbanNet.Extensions.Bban\IbanNet.Extensions.Bban.csproj", "{19D148BF-50F2-4711-8336-A5929896017F}"
EndProject
Project("{9A19103F-16F7-4668-BE54-9A1E7A4F7556}") = "IbanNet.Extensions.Bban.Tests", "test\IbanNet.Extensions.Bban.Tests\IbanNet.Extensions.Bban.Tests.csproj", "{CAB0BF46-31F1-4C04-9201-96A1E2866E3D}"
EndProject
Project("{FAE04EC0-301F-11D3-BF4B-00C04F79EFBC}") = "IbanNet.Extensions.Bban.Benchmark", "test\IbanNet.Extensions.Bban.Benchmark\IbanNet.Extensions.Bban.Benchmark.csproj", "{34559F8A-E76D-B562-A6BC-08595484EE34}"
EndProject
Global
	GlobalSection(SolutionConfigurationPlatforms) = preSolution
		Debug|Any CPU = Debug|Any CPU
		Release|Any CPU = Release|Any CPU
	EndGlobalSection
	GlobalSection(ProjectConfigurationPlatforms) = postSolution
		{19D148BF-50F2-4711-8336-A5929896017F}.Debug|Any CPU.ActiveCfg = Debug|Any CPU
		{19D148BF-50F2-4711-8336-A5929896017F}.Debug|Any CPU.Build.0 = Debug|Any CPU
		{19D148BF-50F2-4711-8336-A5929896017F}.Release|Any CPU.ActiveCfg = Release|Any CPU
		{19D148BF-50F2-4711-8336-A5929896017F}.Release|Any CPU.Build.0 = Release|Any CPU
		{CAB0BF46-31F1-4C04-9201-96A1E2866E3D}.Debug|Any CPU.ActiveCfg = Debug|Any CPU
		{CAB0BF46-31F1-4C04-9201-96A1E2866E3D}.Debug|Any CPU.Build.0 = Debug|Any CPU
		{CAB0BF46-31F1-4C04-9201-96A1E2866E3D}.Release|Any CPU.ActiveCfg = Release|Any CPU
		{CAB0BF46-31F1-4C04-9201-96A1E2866E3D}.Release|Any CPU.Build.0 = Release|Any CPU
		{34559F8A-E76D-B562-A6BC-08595484EE34}.Debug|Any CPU.ActiveCfg = Debug|Any CPU
		{34559F8A-E76D-B562-A6BC-08595484EE34}.Debug|Any CPU.Build.0 = Debug|Any CPU
		{34559F8A-E76D-B562-A6BC-08595484EE34}.Release|Any CPU.ActiveCfg = Release|Any CPU
		{34559F8A-E76D-B562-A6BC-08595484EE34}.Release|Any CPU.Build.0 = Release|Any CPU
	EndGlobalSection
	GlobalSection(SolutionProperties) = preSolution
		HideSolutionNode = FALSE
	EndGlobalSection
	GlobalSection(NestedProjects) = preSolution
		{19D148BF-50F2-4711-8336-A5929896017F} = {65C97381-311D-4C81-8494-6BF12C9BDCBF}
		{CAB0BF46-31F1-4C04-9201-96A1E2866E3D} = {D8FE9E00-4E06-4A0F-BA75-39E71A016671}
		{34559F8A-E76D-B562-A6BC-08595484EE34} = {D8FE9E00-4E06-4A0F-BA75-39E71A016671}
	EndGlobalSection
	GlobalSection(ExtensibilityGlobals) = postSolution
		SolutionGuid = {EEBC24F2-0C8F-40FB-AE3D-B118B975D452}
	EndGlobalSection
EndGlobal
